
Microsoft Visual Studio Solution File, Format Version 12.00
# Visual Studio Version 17
VisualStudioVersion = 17.0.31903.59
MinimumVisualStudioVersion = 10.0.40219.1
Project("{9A19103F-16F7-4668-BE54-9A1E7A4F7556}") = "NSI.REST", "NSI.REST\NSI.REST.csproj", "{FAD156E8-A2D9-4664-ACD7-BBABD8A5C6B0}"
EndProject
Project("{2150E333-8FDC-42A3-9474-1A3956D46DE8}") = "Common", "Common", "{47F4B825-0EA0-49D8-BFEA-198C8B6CC141}"
EndProject
Project("{2150E333-8FDC-42A3-9474-1A3956D46DE8}") = "Business", "Business", "{5676E8A5-C493-4A0D-8DF6-C7F20F8CD75B}"
EndProject
Project("{2150E333-8FDC-42A3-9474-1A3956D46DE8}") = "Data", "Data", "{A575F724-D116-4228-B754-34591B01A97D}"
EndProject
Project("{9A19103F-16F7-4668-BE54-9A1E7A4F7556}") = "NSI.DataContracts", "NSI.DataContracts\NSI.DataContracts.csproj", "{7766951E-9682-4248-A900-E794667F28C7}"
EndProject
Project("{9A19103F-16F7-4668-BE54-9A1E7A4F7556}") = "NSI.Repository", "NSI.Repository\NSI.Repository.csproj", "{676980C6-5383-47F1-BF47-1282C085B89C}"
EndProject
Project("{2150E333-8FDC-42A3-9474-1A3956D46DE8}") = "Infrastructure", "Infrastructure", "{201EEF90-6F69-44C7-95AF-3948AC13F5D0}"
EndProject
Project("{9A19103F-16F7-4668-BE54-9A1E7A4F7556}") = "NSI.Logger", "NSI.Logger\NSI.Logger.csproj", "{C632C282-698E-46A6-8F51-56267F7F9303}"
EndProject
Project("{9A19103F-16F7-4668-BE54-9A1E7A4F7556}") = "NSI.Cache", "NSI.Cache\NSI.Cache.csproj", "{277AA24D-5714-41D8-AFC0-EE46BD4661A7}"
EndProject
Project("{2150E333-8FDC-42A3-9474-1A3956D46DE8}") = "Tests", "Tests", "{8D8BFD31-EEB6-49EB-812E-6944D2DCC4EF}"
EndProject
Project("{9A19103F-16F7-4668-BE54-9A1E7A4F7556}") = "NSI.BusinessLogic", "NSI.BusinessLogic\NSI.BusinessLogic.csproj", "{4F3C40EA-BCB8-4204-8E14-84E7EDCCB5CC}"
EndProject
Project("{9A19103F-16F7-4668-BE54-9A1E7A4F7556}") = "NSI.Common", "NSI.Common\NSI.Common.csproj", "{9AA0E5B7-39BA-4925-834A-B10E82D8A5E9}"
EndProject
Project("{9A19103F-16F7-4668-BE54-9A1E7A4F7556}") = "NSI.Resources", "NSI.Resources\NSI.Resources.csproj", "{68CF6483-F844-4B5C-A135-C3AEA88807B0}"
EndProject
Project("{9A19103F-16F7-4668-BE54-9A1E7A4F7556}") = "NSI.Proxy", "NSI.Proxy\NSI.Proxy.csproj", "{752F94FB-BC76-4BF4-BD18-C4BDE3E22745}"
EndProject
Project("{FAE04EC0-301F-11D3-BF4B-00C04F79EFBC}") = "NSI.Tests", "NSI.Tests\NSI.Tests.csproj", "{7480A25E-D4EB-41B8-B459-F9546BD116AF}"
EndProject
Global
	GlobalSection(SolutionConfigurationPlatforms) = preSolution
		Debug|Any CPU = Debug|Any CPU
		development|Any CPU = development|Any CPU
		prod|Any CPU = prod|Any CPU
		Release|Any CPU = Release|Any CPU
		uat|Any CPU = uat|Any CPU
	EndGlobalSection
	GlobalSection(ProjectConfigurationPlatforms) = postSolution
		{FAD156E8-A2D9-4664-ACD7-BBABD8A5C6B0}.Debug|Any CPU.ActiveCfg = Debug|Any CPU
		{FAD156E8-A2D9-4664-ACD7-BBABD8A5C6B0}.Debug|Any CPU.Build.0 = Debug|Any CPU
		{FAD156E8-A2D9-4664-ACD7-BBABD8A5C6B0}.development|Any CPU.ActiveCfg = development|Any CPU
		{FAD156E8-A2D9-4664-ACD7-BBABD8A5C6B0}.development|Any CPU.Build.0 = development|Any CPU
		{FAD156E8-A2D9-4664-ACD7-BBABD8A5C6B0}.prod|Any CPU.ActiveCfg = prod|Any CPU
		{FAD156E8-A2D9-4664-ACD7-BBABD8A5C6B0}.prod|Any CPU.Build.0 = prod|Any CPU
		{FAD156E8-A2D9-4664-ACD7-BBABD8A5C6B0}.Release|Any CPU.ActiveCfg = Release|Any CPU
		{FAD156E8-A2D9-4664-ACD7-BBABD8A5C6B0}.Release|Any CPU.Build.0 = Release|Any CPU
		{FAD156E8-A2D9-4664-ACD7-BBABD8A5C6B0}.uat|Any CPU.ActiveCfg = uat|Any CPU
		{FAD156E8-A2D9-4664-ACD7-BBABD8A5C6B0}.uat|Any CPU.Build.0 = uat|Any CPU
		{7766951E-9682-4248-A900-E794667F28C7}.Debug|Any CPU.ActiveCfg = Debug|Any CPU
		{7766951E-9682-4248-A900-E794667F28C7}.Debug|Any CPU.Build.0 = Debug|Any CPU
		{7766951E-9682-4248-A900-E794667F28C7}.development|Any CPU.ActiveCfg = development|Any CPU
		{7766951E-9682-4248-A900-E794667F28C7}.development|Any CPU.Build.0 = development|Any CPU
		{7766951E-9682-4248-A900-E794667F28C7}.prod|Any CPU.ActiveCfg = prod|Any CPU
		{7766951E-9682-4248-A900-E794667F28C7}.prod|Any CPU.Build.0 = prod|Any CPU
		{7766951E-9682-4248-A900-E794667F28C7}.Release|Any CPU.ActiveCfg = Release|Any CPU
		{7766951E-9682-4248-A900-E794667F28C7}.Release|Any CPU.Build.0 = Release|Any CPU
		{7766951E-9682-4248-A900-E794667F28C7}.uat|Any CPU.ActiveCfg = uat|Any CPU
		{7766951E-9682-4248-A900-E794667F28C7}.uat|Any CPU.Build.0 = uat|Any CPU
		{676980C6-5383-47F1-BF47-1282C085B89C}.Debug|Any CPU.ActiveCfg = Debug|Any CPU
		{676980C6-5383-47F1-BF47-1282C085B89C}.Debug|Any CPU.Build.0 = Debug|Any CPU
		{676980C6-5383-47F1-BF47-1282C085B89C}.development|Any CPU.ActiveCfg = development|Any CPU
		{676980C6-5383-47F1-BF47-1282C085B89C}.development|Any CPU.Build.0 = development|Any CPU
		{676980C6-5383-47F1-BF47-1282C085B89C}.prod|Any CPU.ActiveCfg = prod|Any CPU
		{676980C6-5383-47F1-BF47-1282C085B89C}.prod|Any CPU.Build.0 = prod|Any CPU
		{676980C6-5383-47F1-BF47-1282C085B89C}.Release|Any CPU.ActiveCfg = Release|Any CPU
		{676980C6-5383-47F1-BF47-1282C085B89C}.Release|Any CPU.Build.0 = Release|Any CPU
		{676980C6-5383-47F1-BF47-1282C085B89C}.uat|Any CPU.ActiveCfg = uat|Any CPU
		{676980C6-5383-47F1-BF47-1282C085B89C}.uat|Any CPU.Build.0 = uat|Any CPU
		{C632C282-698E-46A6-8F51-56267F7F9303}.Debug|Any CPU.ActiveCfg = Debug|Any CPU
		{C632C282-698E-46A6-8F51-56267F7F9303}.Debug|Any CPU.Build.0 = Debug|Any CPU
		{C632C282-698E-46A6-8F51-56267F7F9303}.development|Any CPU.ActiveCfg = development|Any CPU
		{C632C282-698E-46A6-8F51-56267F7F9303}.development|Any CPU.Build.0 = development|Any CPU
		{C632C282-698E-46A6-8F51-56267F7F9303}.prod|Any CPU.ActiveCfg = prod|Any CPU
		{C632C282-698E-46A6-8F51-56267F7F9303}.prod|Any CPU.Build.0 = prod|Any CPU
		{C632C282-698E-46A6-8F51-56267F7F9303}.Release|Any CPU.ActiveCfg = Release|Any CPU
		{C632C282-698E-46A6-8F51-56267F7F9303}.Release|Any CPU.Build.0 = Release|Any CPU
		{C632C282-698E-46A6-8F51-56267F7F9303}.uat|Any CPU.ActiveCfg = uat|Any CPU
		{C632C282-698E-46A6-8F51-56267F7F9303}.uat|Any CPU.Build.0 = uat|Any CPU
		{277AA24D-5714-41D8-AFC0-EE46BD4661A7}.Debug|Any CPU.ActiveCfg = Debug|Any CPU
		{277AA24D-5714-41D8-AFC0-EE46BD4661A7}.Debug|Any CPU.Build.0 = Debug|Any CPU
		{277AA24D-5714-41D8-AFC0-EE46BD4661A7}.development|Any CPU.ActiveCfg = development|Any CPU
		{277AA24D-5714-41D8-AFC0-EE46BD4661A7}.development|Any CPU.Build.0 = development|Any CPU
		{277AA24D-5714-41D8-AFC0-EE46BD4661A7}.prod|Any CPU.ActiveCfg = prod|Any CPU
		{277AA24D-5714-41D8-AFC0-EE46BD4661A7}.prod|Any CPU.Build.0 = prod|Any CPU
		{277AA24D-5714-41D8-AFC0-EE46BD4661A7}.Release|Any CPU.ActiveCfg = Release|Any CPU
		{277AA24D-5714-41D8-AFC0-EE46BD4661A7}.Release|Any CPU.Build.0 = Release|Any CPU
		{277AA24D-5714-41D8-AFC0-EE46BD4661A7}.uat|Any CPU.ActiveCfg = uat|Any CPU
		{277AA24D-5714-41D8-AFC0-EE46BD4661A7}.uat|Any CPU.Build.0 = uat|Any CPU
		{4F3C40EA-BCB8-4204-8E14-84E7EDCCB5CC}.Debug|Any CPU.ActiveCfg = Debug|Any CPU
		{4F3C40EA-BCB8-4204-8E14-84E7EDCCB5CC}.Debug|Any CPU.Build.0 = Debug|Any CPU
		{4F3C40EA-BCB8-4204-8E14-84E7EDCCB5CC}.development|Any CPU.ActiveCfg = development|Any CPU
		{4F3C40EA-BCB8-4204-8E14-84E7EDCCB5CC}.development|Any CPU.Build.0 = development|Any CPU
		{4F3C40EA-BCB8-4204-8E14-84E7EDCCB5CC}.prod|Any CPU.ActiveCfg = prod|Any CPU
		{4F3C40EA-BCB8-4204-8E14-84E7EDCCB5CC}.prod|Any CPU.Build.0 = prod|Any CPU
		{4F3C40EA-BCB8-4204-8E14-84E7EDCCB5CC}.Release|Any CPU.ActiveCfg = Release|Any CPU
		{4F3C40EA-BCB8-4204-8E14-84E7EDCCB5CC}.Release|Any CPU.Build.0 = Release|Any CPU
		{4F3C40EA-BCB8-4204-8E14-84E7EDCCB5CC}.uat|Any CPU.ActiveCfg = uat|Any CPU
		{4F3C40EA-BCB8-4204-8E14-84E7EDCCB5CC}.uat|Any CPU.Build.0 = uat|Any CPU
		{9AA0E5B7-39BA-4925-834A-B10E82D8A5E9}.Debug|Any CPU.ActiveCfg = Debug|Any CPU
		{9AA0E5B7-39BA-4925-834A-B10E82D8A5E9}.Debug|Any CPU.Build.0 = Debug|Any CPU
		{9AA0E5B7-39BA-4925-834A-B10E82D8A5E9}.development|Any CPU.ActiveCfg = development|Any CPU
		{9AA0E5B7-39BA-4925-834A-B10E82D8A5E9}.development|Any CPU.Build.0 = development|Any CPU
		{9AA0E5B7-39BA-4925-834A-B10E82D8A5E9}.prod|Any CPU.ActiveCfg = prod|Any CPU
		{9AA0E5B7-39BA-4925-834A-B10E82D8A5E9}.prod|Any CPU.Build.0 = prod|Any CPU
		{9AA0E5B7-39BA-4925-834A-B10E82D8A5E9}.Release|Any CPU.ActiveCfg = Release|Any CPU
		{9AA0E5B7-39BA-4925-834A-B10E82D8A5E9}.Release|Any CPU.Build.0 = Release|Any CPU
		{9AA0E5B7-39BA-4925-834A-B10E82D8A5E9}.uat|Any CPU.ActiveCfg = uat|Any CPU
		{9AA0E5B7-39BA-4925-834A-B10E82D8A5E9}.uat|Any CPU.Build.0 = uat|Any CPU
		{68CF6483-F844-4B5C-A135-C3AEA88807B0}.Debug|Any CPU.ActiveCfg = Debug|Any CPU
		{68CF6483-F844-4B5C-A135-C3AEA88807B0}.Debug|Any CPU.Build.0 = Debug|Any CPU
		{68CF6483-F844-4B5C-A135-C3AEA88807B0}.development|Any CPU.ActiveCfg = development|Any CPU
		{68CF6483-F844-4B5C-A135-C3AEA88807B0}.development|Any CPU.Build.0 = development|Any CPU
		{68CF6483-F844-4B5C-A135-C3AEA88807B0}.prod|Any CPU.ActiveCfg = prod|Any CPU
		{68CF6483-F844-4B5C-A135-C3AEA88807B0}.prod|Any CPU.Build.0 = prod|Any CPU
		{68CF6483-F844-4B5C-A135-C3AEA88807B0}.Release|Any CPU.ActiveCfg = Release|Any CPU
		{68CF6483-F844-4B5C-A135-C3AEA88807B0}.Release|Any CPU.Build.0 = Release|Any CPU
		{68CF6483-F844-4B5C-A135-C3AEA88807B0}.uat|Any CPU.ActiveCfg = uat|Any CPU
		{68CF6483-F844-4B5C-A135-C3AEA88807B0}.uat|Any CPU.Build.0 = uat|Any CPU
		{752F94FB-BC76-4BF4-BD18-C4BDE3E22745}.Debug|Any CPU.ActiveCfg = Debug|Any CPU
		{752F94FB-BC76-4BF4-BD18-C4BDE3E22745}.Debug|Any CPU.Build.0 = Debug|Any CPU
		{752F94FB-BC76-4BF4-BD18-C4BDE3E22745}.development|Any CPU.ActiveCfg = development|Any CPU
		{752F94FB-BC76-4BF4-BD18-C4BDE3E22745}.development|Any CPU.Build.0 = development|Any CPU
		{752F94FB-BC76-4BF4-BD18-C4BDE3E22745}.prod|Any CPU.ActiveCfg = prod|Any CPU
		{752F94FB-BC76-4BF4-BD18-C4BDE3E22745}.prod|Any CPU.Build.0 = prod|Any CPU
		{752F94FB-BC76-4BF4-BD18-C4BDE3E22745}.Release|Any CPU.ActiveCfg = Release|Any CPU
		{752F94FB-BC76-4BF4-BD18-C4BDE3E22745}.Release|Any CPU.Build.0 = Release|Any CPU
		{752F94FB-BC76-4BF4-BD18-C4BDE3E22745}.uat|Any CPU.ActiveCfg = uat|Any CPU
		{752F94FB-BC76-4BF4-BD18-C4BDE3E22745}.uat|Any CPU.Build.0 = uat|Any CPU
		{7480A25E-D4EB-41B8-B459-F9546BD116AF}.Debug|Any CPU.ActiveCfg = Debug|Any CPU
		{7480A25E-D4EB-41B8-B459-F9546BD116AF}.Debug|Any CPU.Build.0 = Debug|Any CPU
		{7480A25E-D4EB-41B8-B459-F9546BD116AF}.development|Any CPU.ActiveCfg = Debug|Any CPU
		{7480A25E-D4EB-41B8-B459-F9546BD116AF}.development|Any CPU.Build.0 = Debug|Any CPU
		{7480A25E-D4EB-41B8-B459-F9546BD116AF}.prod|Any CPU.ActiveCfg = Debug|Any CPU
		{7480A25E-D4EB-41B8-B459-F9546BD116AF}.prod|Any CPU.Build.0 = Debug|Any CPU
		{7480A25E-D4EB-41B8-B459-F9546BD116AF}.Release|Any CPU.ActiveCfg = Release|Any CPU
		{7480A25E-D4EB-41B8-B459-F9546BD116AF}.Release|Any CPU.Build.0 = Release|Any CPU
		{7480A25E-D4EB-41B8-B459-F9546BD116AF}.uat|Any CPU.ActiveCfg = Debug|Any CPU
		{7480A25E-D4EB-41B8-B459-F9546BD116AF}.uat|Any CPU.Build.0 = Debug|Any CPU
	EndGlobalSection
	GlobalSection(SolutionProperties) = preSolution
		HideSolutionNode = FALSE
	EndGlobalSection
	GlobalSection(NestedProjects) = preSolution
		{7766951E-9682-4248-A900-E794667F28C7} = {A575F724-D116-4228-B754-34591B01A97D}
		{676980C6-5383-47F1-BF47-1282C085B89C} = {A575F724-D116-4228-B754-34591B01A97D}
		{C632C282-698E-46A6-8F51-56267F7F9303} = {201EEF90-6F69-44C7-95AF-3948AC13F5D0}
		{277AA24D-5714-41D8-AFC0-EE46BD4661A7} = {201EEF90-6F69-44C7-95AF-3948AC13F5D0}
		{4F3C40EA-BCB8-4204-8E14-84E7EDCCB5CC} = {5676E8A5-C493-4A0D-8DF6-C7F20F8CD75B}
		{9AA0E5B7-39BA-4925-834A-B10E82D8A5E9} = {47F4B825-0EA0-49D8-BFEA-198C8B6CC141}
		{68CF6483-F844-4B5C-A135-C3AEA88807B0} = {201EEF90-6F69-44C7-95AF-3948AC13F5D0}
		{752F94FB-BC76-4BF4-BD18-C4BDE3E22745} = {201EEF90-6F69-44C7-95AF-3948AC13F5D0}
		{7480A25E-D4EB-41B8-B459-F9546BD116AF} = {8D8BFD31-EEB6-49EB-812E-6944D2DCC4EF}
	EndGlobalSection
	GlobalSection(ExtensibilityGlobals) = postSolution
		SolutionGuid = {2B8F87DC-EE97-4EC7-B2E3-7981C6B8233D}
	EndGlobalSection
EndGlobal
